
Microsoft Visual Studio Solution File, Format Version 12.00
Project("{FAE04EC0-301F-11D3-BF4B-00C04F79EFBC}") = "SteamGeneratorServer", "SteamGeneratorServer\SteamGeneratorServer.csproj", "{56A4CF0E-4094-4D9F-A969-328D127F60F8}"
EndProject
Project("{FAE04EC0-301F-11D3-BF4B-00C04F79EFBC}") = "SteamGeneratorControl", "SteamGeneratorControl\SteamGeneratorControl.csproj", "{BDFF2FF8-B95C-4EE3-BE06-75BDE71EA828}"
EndProject
Global
	GlobalSection(SolutionConfigurationPlatforms) = preSolution
		Debug|Any CPU = Debug|Any CPU
		Release|Any CPU = Release|Any CPU
	EndGlobalSection
	GlobalSection(ProjectConfigurationPlatforms) = postSolution
		{56A4CF0E-4094-4D9F-A969-328D127F60F8}.Debug|Any CPU.ActiveCfg = Debug|Any CPU
		{56A4CF0E-4094-4D9F-A969-328D127F60F8}.Debug|Any CPU.Build.0 = Debug|Any CPU
		{56A4CF0E-4094-4D9F-A969-328D127F60F8}.Release|Any CPU.ActiveCfg = Release|Any CPU
		{56A4CF0E-4094-4D9F-A969-328D127F60F8}.Release|Any CPU.Build.0 = Release|Any CPU
		{BDFF2FF8-B95C-4EE3-BE06-75BDE71EA828}.Debug|Any CPU.ActiveCfg = Debug|Any CPU
		{BDFF2FF8-B95C-4EE3-BE06-75BDE71EA828}.Debug|Any CPU.Build.0 = Debug|Any CPU
		{BDFF2FF8-B95C-4EE3-BE06-75BDE71EA828}.Release|Any CPU.ActiveCfg = Release|Any CPU
		{BDFF2FF8-B95C-4EE3-BE06-75BDE71EA828}.Release|Any CPU.Build.0 = Release|Any CPU
	EndGlobalSection
EndGlobal
